
Microsoft Visual Studio Solution File, Format Version 12.00
# Visual Studio Version 17
VisualStudioVersion = 17.3.32922.545
MinimumVisualStudioVersion = 10.0.40219.1
Project("{8BC9CEB8-8B4A-11D0-8D11-00A0C91BC942}") = "ShutdownBlocker", "ShutdownBlocker\ShutdownBlocker.vcxproj", "{4A048FFD-E79D-4E83-A418-9BA415E06B4B}"
EndProject
Global
	GlobalSection(SolutionConfigurationPlatforms) = preSolution
		Debug|x64 = Debug|x64
		Debug|x86 = Debug|x86
		Release|x64 = Release|x64
		Release|x86 = Release|x86
	EndGlobalSection
	GlobalSection(ProjectConfigurationPlatforms) = postSolution
		{4A048FFD-E79D-4E83-A418-9BA415E06B4B}.Debug|x64.ActiveCfg = Debug|x64
		{4A048FFD-E79D-4E83-A418-9BA415E06B4B}.Debug|x64.Build.0 = Debug|x64
		{4A048FFD-E79D-4E83-A418-9BA415E06B4B}.Debug|x86.ActiveCfg = Debug|Win32
		{4A048FFD-E79D-4E83-A418-9BA415E06B4B}.Debug|x86.Build.0 = Debug|Win32
		{4A048FFD-E79D-4E83-A418-9BA415E06B4B}.Release|x64.ActiveCfg = Release|x64
		{4A048FFD-E79D-4E83-A418-9BA415E06B4B}.Release|x64.Build.0 = Release|x64
		{4A048FFD-E79D-4E83-A418-9BA415E06B4B}.Release|x86.ActiveCfg = Release|Win32
		{4A048FFD-E79D-4E83-A418-9BA415E06B4B}.Release|x86.Build.0 = Release|Win32
	EndGlobalSection
	GlobalSection(SolutionProperties) = preSolution
		HideSolutionNode = FALSE
	EndGlobalSection
	GlobalSection(ExtensibilityGlobals) = postSolution
		SolutionGuid = {F1757E96-38F1-43FA-AA9F-0D2F7417C6DF}
	EndGlobalSection
EndGlobal
